
Microsoft Visual Studio Solution File, Format Version 12.00
# Visual Studio Version 17
VisualStudioVersion = 17.0.31903.59
MinimumVisualStudioVersion = 10.0.40219.1
Project("{2150E333-8FDC-42A3-9474-1A3956D46DE8}") = "src", "src", "{827E0CD3-B72D-47B6-A68D-7590B98EB39B}"
EndProject
Project("{2150E333-8FDC-42A3-9474-1A3956D46DE8}") = "BuildingBlocks", "BuildingBlocks", "{90298CBA-BD6F-3A0A-69D5-97CAD7B05E7E}"
EndProject
Project("{FAE04EC0-301F-11D3-BF4B-00C04F79EFBC}") = "TlalocAi.SharedKernel", "src\BuildingBlocks\TlalocAi.SharedKernel\TlalocAi.SharedKernel.csproj", "{EEE07589-6258-4E8D-BD10-CA723FA06259}"
EndProject
Project("{FAE04EC0-301F-11D3-BF4B-00C04F79EFBC}") = "TlalocAi.ServiceDefaults", "src\BuildingBlocks\TlalocAi.ServiceDefaults\TlalocAi.ServiceDefaults.csproj", "{2E9AB3AB-7487-4F24-B72A-B5F39AE140A8}"
EndProject
Project("{2150E333-8FDC-42A3-9474-1A3956D46DE8}") = "Services", "Services", "{984BB9B3-3FA3-BE33-9484-CAC21695A33C}"
EndProject
Project("{2150E333-8FDC-42A3-9474-1A3956D46DE8}") = "Gateway", "Gateway", "{40D82F4B-B633-3F95-724A-860306E6F4AA}"
EndProject
Project("{FAE04EC0-301F-11D3-BF4B-00C04F79EFBC}") = "TlalocAi.Gateway.Api", "src\Services\Gateway\TlalocAi.Gateway.Api\TlalocAi.Gateway.Api.csproj", "{C4085508-51F2-4E12-8ADD-2C49BBAF0299}"
EndProject
Project("{2150E333-8FDC-42A3-9474-1A3956D46DE8}") = "Identity", "Identity", "{1BFC9479-12BF-35C3-06B8-42D89D95092B}"
EndProject
Project("{FAE04EC0-301F-11D3-BF4B-00C04F79EFBC}") = "TlalocAi.Identity.Domain", "src\Services\Identity\TlalocAi.Identity.Domain\TlalocAi.Identity.Domain.csproj", "{44A44A31-A234-4256-A617-B64D1F0A34DF}"
EndProject
Project("{FAE04EC0-301F-11D3-BF4B-00C04F79EFBC}") = "TlalocAi.Identity.Application", "src\Services\Identity\TlalocAi.Identity.Application\TlalocAi.Identity.Application.csproj", "{BE692D44-0BF2-4B75-96EC-B3150554E29E}"
EndProject
Project("{FAE04EC0-301F-11D3-BF4B-00C04F79EFBC}") = "TlalocAi.Identity.Infrastructure", "src\Services\Identity\TlalocAi.Identity.Infrastructure\TlalocAi.Identity.Infrastructure.csproj", "{305C6387-9C81-4B84-BF3E-81BD85041D4F}"
EndProject
Project("{FAE04EC0-301F-11D3-BF4B-00C04F79EFBC}") = "TlalocAi.Identity.Api", "src\Services\Identity\TlalocAi.Identity.Api\TlalocAi.Identity.Api.csproj", "{D12F9788-58BD-4E3A-88BC-B3BD069A1104}"
EndProject
Project("{2150E333-8FDC-42A3-9474-1A3956D46DE8}") = "Devices", "Devices", "{DD427247-E896-1086-4984-D920017585DE}"
EndProject
Project("{FAE04EC0-301F-11D3-BF4B-00C04F79EFBC}") = "TlalocAi.Devices.Domain", "src\Services\Devices\TlalocAi.Devices.Application\TlalocAi.Devices.Domain\TlalocAi.Devices.Domain.csproj", "{6BDD200C-CCA3-453F-8640-428BFFC7E02B}"
EndProject
Project("{FAE04EC0-301F-11D3-BF4B-00C04F79EFBC}") = "TlalocAi.Devices.Application", "src\Services\Devices\TlalocAi.Devices.Application\TlalocAi.Devices.Application.csproj", "{3072437C-82F8-4DAB-9974-EDE51F1131D7}"
EndProject
Project("{FAE04EC0-301F-11D3-BF4B-00C04F79EFBC}") = "TlalocAi.Devices.Infrastructure", "src\Services\Devices\TlalocAi.Devices.Infrastructure\TlalocAi.Devices.Infrastructure.csproj", "{7AEFFDE5-8A92-4D37-8D00-6BD41E8CA816}"
EndProject
Project("{FAE04EC0-301F-11D3-BF4B-00C04F79EFBC}") = "TlalocAi.Devices.Api", "src\Services\Devices\TlalocAi.Devices.Api\TlalocAi.Devices.Api.csproj", "{AA3DB3B3-516F-40FE-A8D5-1EFBA0613A4C}"
EndProject
Project("{2150E333-8FDC-42A3-9474-1A3956D46DE8}") = "Telemetry", "Telemetry", "{D1EA7F8B-1464-5AE4-39E5-7C916237C84D}"
EndProject
Project("{FAE04EC0-301F-11D3-BF4B-00C04F79EFBC}") = "TlalocAi.Telemetry.Domain", "src\Services\Telemetry\TlalocAi.Telemetry.Domain\TlalocAi.Telemetry.Domain.csproj", "{8F0BB8FC-77F6-4863-B8D7-E858460731E3}"
EndProject
Project("{FAE04EC0-301F-11D3-BF4B-00C04F79EFBC}") = "TlalocAi.Telemetry.Application", "src\Services\Telemetry\TlalocAi.Telemetry.Application\TlalocAi.Telemetry.Application.csproj", "{2BCFCD6F-F8BA-4D2E-B97B-D9BF810C0970}"
EndProject
Project("{FAE04EC0-301F-11D3-BF4B-00C04F79EFBC}") = "TlalocAi.Telemetry.Infrastructure", "src\Services\Telemetry\TlalocAi.Telemetry.Infrastructure\TlalocAi.Telemetry.Infrastructure.csproj", "{073E2430-FA81-4091-B48E-2D67A0C2CA5A}"
EndProject
Project("{FAE04EC0-301F-11D3-BF4B-00C04F79EFBC}") = "TlalocAi.Telemetry.Api", "src\Services\Telemetry\TlalocAi.Telemetry.Api\TlalocAi.Telemetry.Api.csproj", "{47805274-D18A-4E56-A632-6C85A169D401}"
EndProject
Project("{2150E333-8FDC-42A3-9474-1A3956D46DE8}") = "Control", "Control", "{78675B88-04B8-6663-B774-F931383BD879}"
EndProject
Project("{FAE04EC0-301F-11D3-BF4B-00C04F79EFBC}") = "TlalocAi.Control.Domain", "src\Services\Control\TlalocAi.Control.Domain\TlalocAi.Control.Domain.csproj", "{76F4011D-64CB-4F84-B317-F8A32FF481CB}"
EndProject
Project("{FAE04EC0-301F-11D3-BF4B-00C04F79EFBC}") = "TlalocAi.Control.Application", "src\Services\Control\TlalocAi.Control.Application\TlalocAi.Control.Application.csproj", "{49CB0BEE-D348-443B-9778-98BA8623062B}"
EndProject
Project("{FAE04EC0-301F-11D3-BF4B-00C04F79EFBC}") = "TlalocAi.Control.Infrastructure", "src\Services\Control\TlalocAi.Control.Infrastructure\TlalocAi.Control.Infrastructure.csproj", "{2C873F0D-9B79-438E-9067-FB93F1C4C7E5}"
EndProject
Project("{FAE04EC0-301F-11D3-BF4B-00C04F79EFBC}") = "TlalocAi.Control.Api", "src\Services\Control\TlalocAi.Control.Api\TlalocAi.Control.Api.csproj", "{6987E903-64F9-43B8-9FAC-9A3F0830DCEA}"
EndProject
Project("{2150E333-8FDC-42A3-9474-1A3956D46DE8}") = "Analytics", "Analytics", "{BB77F832-879F-00F9-E108-00944EDB87D8}"
EndProject
Project("{FAE04EC0-301F-11D3-BF4B-00C04F79EFBC}") = "TlalocAi.Analytics.Domain", "src\Services\Analytics\TlalocAi.Analytics.Domain\TlalocAi.Analytics.Domain.csproj", "{0C0C9E5A-8B3D-4FCF-8E7B-963958AB17A7}"
EndProject
Project("{FAE04EC0-301F-11D3-BF4B-00C04F79EFBC}") = "TlalocAi.Analytics.Application", "src\Services\Analytics\TlalocAi.Analytics.Application\TlalocAi.Analytics.Application.csproj", "{1271E7F1-77A9-4E19-B913-FE4721633B0D}"
EndProject
Project("{FAE04EC0-301F-11D3-BF4B-00C04F79EFBC}") = "TlalocAi.Analytics.Infrastructure", "src\Services\Analytics\TlalocAi.Analytics.Infrastructure\TlalocAi.Analytics.Infrastructure.csproj", "{E1163E56-21E1-434C-8EB6-7AD9E1D6C058}"
EndProject
Project("{FAE04EC0-301F-11D3-BF4B-00C04F79EFBC}") = "TlalocAi.Analytics.Api", "src\Services\Analytics\TlalocAi.Analytics.Api\TlalocAi.Analytics.Api.csproj", "{240FA9C0-EADD-4FBA-8DDE-429C20DE1304}"
EndProject
Project("{2150E333-8FDC-42A3-9474-1A3956D46DE8}") = "tests", "tests", "{0AB3BF05-4346-4AA6-1389-037BE0695223}"
EndProject
Project("{FAE04EC0-301F-11D3-BF4B-00C04F79EFBC}") = "TlalocAi.Identity.UnitTests", "tests\TlalocAi.Identity.UnitTests\TlalocAi.Identity.UnitTests.csproj", "{F3D9371F-6A16-4BB6-A151-0B1E8733C6BF}"
EndProject
Project("{FAE04EC0-301F-11D3-BF4B-00C04F79EFBC}") = "TlalocAi.Devices.UnitTests", "tests\TlalocAi.Devices.UnitTests\TlalocAi.Devices.UnitTests.csproj", "{0CB57DA6-1BED-4F24-B9C0-EF84E7DD8AAA}"
EndProject
Project("{FAE04EC0-301F-11D3-BF4B-00C04F79EFBC}") = "TlalocAi.Telemetry.UnitTests", "tests\TlalocAi.Telemetry.UnitTests\TlalocAi.Telemetry.UnitTests.csproj", "{B1C2FF1F-2980-4BCE-8CDC-C1F6A42686E3}"
EndProject
Project("{FAE04EC0-301F-11D3-BF4B-00C04F79EFBC}") = "TlalocAi.Control.UnitTests", "tests\TlalocAi.Control.UnitTests\TlalocAi.Control.UnitTests.csproj", "{12C49DBD-95A5-4002-85B2-1346FBFCAD79}"
EndProject
Project("{FAE04EC0-301F-11D3-BF4B-00C04F79EFBC}") = "TlalocAi.Analytics.UnitTests", "tests\TlalocAi.Analytics.UnitTests\TlalocAi.Analytics.UnitTests.csproj", "{55237F94-206D-4815-9DAC-D8368015921E}"
EndProject
Project("{FAE04EC0-301F-11D3-BF4B-00C04F79EFBC}") = "TlalocAi.IntegrationTests", "tests\TlalocAi.IntegrationTests\TlalocAi.IntegrationTests.csproj", "{EABA7296-74CF-48DD-A720-664339C1C1E6}"
EndProject
Project("{2150E333-8FDC-42A3-9474-1A3956D46DE8}") = "Agents", "Agents", "{BB45B5A8-6B14-5255-64D0-EA6BEE8A90C1}"
EndProject
Project("{2150E333-8FDC-42A3-9474-1A3956D46DE8}") = "TlalocAi.RaspberryAgent", "TlalocAi.RaspberryAgent", "{C29C672F-B976-50B6-DA52-9D61315F522D}"
EndProject
Project("{FAE04EC0-301F-11D3-BF4B-00C04F79EFBC}") = "TlalocAi.RaspberryAgent.Domain", "src\Agents\TlalocAi.RaspberryAgent\TlalocAi.RaspberryAgent.Domain\TlalocAi.RaspberryAgent.Domain.csproj", "{500CF4F7-5A00-4375-97CF-B796CB91A95F}"
EndProject
Project("{FAE04EC0-301F-11D3-BF4B-00C04F79EFBC}") = "TlalocAi.RaspberryAgent.Application", "src\Agents\TlalocAi.RaspberryAgent\TlalocAi.RaspberryAgent.Application\TlalocAi.RaspberryAgent.Application.csproj", "{FFBE29CA-15BB-4759-B0C0-58B33E98F0F7}"
EndProject
Project("{FAE04EC0-301F-11D3-BF4B-00C04F79EFBC}") = "TlalocAi.RaspberryAgent.Infrastructure", "src\Agents\TlalocAi.RaspberryAgent\TlalocAi.RaspberryAgent.Infrastructure\TlalocAi.RaspberryAgent.Infrastructure.csproj", "{CA4BABD2-C6F1-4AF8-810C-C54DEB544FB6}"
EndProject
Project("{FAE04EC0-301F-11D3-BF4B-00C04F79EFBC}") = "TlalocAi.RaspberryAgent.Worker", "src\Agents\TlalocAi.RaspberryAgent\TlalocAi.RaspberryAgent.Worker\TlalocAi.RaspberryAgent.Worker.csproj", "{03DD1B7A-5052-45BF-8F17-2CC47B20ACF0}"
EndProject
Project("{FAE04EC0-301F-11D3-BF4B-00C04F79EFBC}") = "TlalocAi.RaspberryAgent.UnitTests", "tests\TlalocAi.RaspberryAgent.UnitTests\TlalocAi.RaspberryAgent.UnitTests.csproj", "{E1962403-60D2-4202-B684-90B0B051A185}"
EndProject
Global
	GlobalSection(SolutionConfigurationPlatforms) = preSolution
		Debug|Any CPU = Debug|Any CPU
		Debug|x64 = Debug|x64
		Debug|x86 = Debug|x86
		Release|Any CPU = Release|Any CPU
		Release|x64 = Release|x64
		Release|x86 = Release|x86
	EndGlobalSection
	GlobalSection(ProjectConfigurationPlatforms) = postSolution
		{EEE07589-6258-4E8D-BD10-CA723FA06259}.Debug|Any CPU.ActiveCfg = Debug|Any CPU
		{EEE07589-6258-4E8D-BD10-CA723FA06259}.Debug|Any CPU.Build.0 = Debug|Any CPU
		{EEE07589-6258-4E8D-BD10-CA723FA06259}.Debug|x64.ActiveCfg = Debug|Any CPU
		{EEE07589-6258-4E8D-BD10-CA723FA06259}.Debug|x64.Build.0 = Debug|Any CPU
		{EEE07589-6258-4E8D-BD10-CA723FA06259}.Debug|x86.ActiveCfg = Debug|Any CPU
		{EEE07589-6258-4E8D-BD10-CA723FA06259}.Debug|x86.Build.0 = Debug|Any CPU
		{EEE07589-6258-4E8D-BD10-CA723FA06259}.Release|Any CPU.ActiveCfg = Release|Any CPU
		{EEE07589-6258-4E8D-BD10-CA723FA06259}.Release|Any CPU.Build.0 = Release|Any CPU
		{EEE07589-6258-4E8D-BD10-CA723FA06259}.Release|x64.ActiveCfg = Release|Any CPU
		{EEE07589-6258-4E8D-BD10-CA723FA06259}.Release|x64.Build.0 = Release|Any CPU
		{EEE07589-6258-4E8D-BD10-CA723FA06259}.Release|x86.ActiveCfg = Release|Any CPU
		{EEE07589-6258-4E8D-BD10-CA723FA06259}.Release|x86.Build.0 = Release|Any CPU
		{2E9AB3AB-7487-4F24-B72A-B5F39AE140A8}.Debug|Any CPU.ActiveCfg = Debug|Any CPU
		{2E9AB3AB-7487-4F24-B72A-B5F39AE140A8}.Debug|Any CPU.Build.0 = Debug|Any CPU
		{2E9AB3AB-7487-4F24-B72A-B5F39AE140A8}.Debug|x64.ActiveCfg = Debug|Any CPU
		{2E9AB3AB-7487-4F24-B72A-B5F39AE140A8}.Debug|x64.Build.0 = Debug|Any CPU
		{2E9AB3AB-7487-4F24-B72A-B5F39AE140A8}.Debug|x86.ActiveCfg = Debug|Any CPU
		{2E9AB3AB-7487-4F24-B72A-B5F39AE140A8}.Debug|x86.Build.0 = Debug|Any CPU
		{2E9AB3AB-7487-4F24-B72A-B5F39AE140A8}.Release|Any CPU.ActiveCfg = Release|Any CPU
		{2E9AB3AB-7487-4F24-B72A-B5F39AE140A8}.Release|Any CPU.Build.0 = Release|Any CPU
		{2E9AB3AB-7487-4F24-B72A-B5F39AE140A8}.Release|x64.ActiveCfg = Release|Any CPU
		{2E9AB3AB-7487-4F24-B72A-B5F39AE140A8}.Release|x64.Build.0 = Release|Any CPU
		{2E9AB3AB-7487-4F24-B72A-B5F39AE140A8}.Release|x86.ActiveCfg = Release|Any CPU
		{2E9AB3AB-7487-4F24-B72A-B5F39AE140A8}.Release|x86.Build.0 = Release|Any CPU
		{C4085508-51F2-4E12-8ADD-2C49BBAF0299}.Debug|Any CPU.ActiveCfg = Debug|Any CPU
		{C4085508-51F2-4E12-8ADD-2C49BBAF0299}.Debug|Any CPU.Build.0 = Debug|Any CPU
		{C4085508-51F2-4E12-8ADD-2C49BBAF0299}.Debug|x64.ActiveCfg = Debug|Any CPU
		{C4085508-51F2-4E12-8ADD-2C49BBAF0299}.Debug|x64.Build.0 = Debug|Any CPU
		{C4085508-51F2-4E12-8ADD-2C49BBAF0299}.Debug|x86.ActiveCfg = Debug|Any CPU
		{C4085508-51F2-4E12-8ADD-2C49BBAF0299}.Debug|x86.Build.0 = Debug|Any CPU
		{C4085508-51F2-4E12-8ADD-2C49BBAF0299}.Release|Any CPU.ActiveCfg = Release|Any CPU
		{C4085508-51F2-4E12-8ADD-2C49BBAF0299}.Release|Any CPU.Build.0 = Release|Any CPU
		{C4085508-51F2-4E12-8ADD-2C49BBAF0299}.Release|x64.ActiveCfg = Release|Any CPU
		{C4085508-51F2-4E12-8ADD-2C49BBAF0299}.Release|x64.Build.0 = Release|Any CPU
		{C4085508-51F2-4E12-8ADD-2C49BBAF0299}.Release|x86.ActiveCfg = Release|Any CPU
		{C4085508-51F2-4E12-8ADD-2C49BBAF0299}.Release|x86.Build.0 = Release|Any CPU
		{44A44A31-A234-4256-A617-B64D1F0A34DF}.Debug|Any CPU.ActiveCfg = Debug|Any CPU
		{44A44A31-A234-4256-A617-B64D1F0A34DF}.Debug|Any CPU.Build.0 = Debug|Any CPU
		{44A44A31-A234-4256-A617-B64D1F0A34DF}.Debug|x64.ActiveCfg = Debug|Any CPU
		{44A44A31-A234-4256-A617-B64D1F0A34DF}.Debug|x64.Build.0 = Debug|Any CPU
		{44A44A31-A234-4256-A617-B64D1F0A34DF}.Debug|x86.ActiveCfg = Debug|Any CPU
		{44A44A31-A234-4256-A617-B64D1F0A34DF}.Debug|x86.Build.0 = Debug|Any CPU
		{44A44A31-A234-4256-A617-B64D1F0A34DF}.Release|Any CPU.ActiveCfg = Release|Any CPU
		{44A44A31-A234-4256-A617-B64D1F0A34DF}.Release|Any CPU.Build.0 = Release|Any CPU
		{44A44A31-A234-4256-A617-B64D1F0A34DF}.Release|x64.ActiveCfg = Release|Any CPU
		{44A44A31-A234-4256-A617-B64D1F0A34DF}.Release|x64.Build.0 = Release|Any CPU
		{44A44A31-A234-4256-A617-B64D1F0A34DF}.Release|x86.ActiveCfg = Release|Any CPU
		{44A44A31-A234-4256-A617-B64D1F0A34DF}.Release|x86.Build.0 = Release|Any CPU
		{BE692D44-0BF2-4B75-96EC-B3150554E29E}.Debug|Any CPU.ActiveCfg = Debug|Any CPU
		{BE692D44-0BF2-4B75-96EC-B3150554E29E}.Debug|Any CPU.Build.0 = Debug|Any CPU
		{BE692D44-0BF2-4B75-96EC-B3150554E29E}.Debug|x64.ActiveCfg = Debug|Any CPU
		{BE692D44-0BF2-4B75-96EC-B3150554E29E}.Debug|x64.Build.0 = Debug|Any CPU
		{BE692D44-0BF2-4B75-96EC-B3150554E29E}.Debug|x86.ActiveCfg = Debug|Any CPU
		{BE692D44-0BF2-4B75-96EC-B3150554E29E}.Debug|x86.Build.0 = Debug|Any CPU
		{BE692D44-0BF2-4B75-96EC-B3150554E29E}.Release|Any CPU.ActiveCfg = Release|Any CPU
		{BE692D44-0BF2-4B75-96EC-B3150554E29E}.Release|Any CPU.Build.0 = Release|Any CPU
		{BE692D44-0BF2-4B75-96EC-B3150554E29E}.Release|x64.ActiveCfg = Release|Any CPU
		{BE692D44-0BF2-4B75-96EC-B3150554E29E}.Release|x64.Build.0 = Release|Any CPU
		{BE692D44-0BF2-4B75-96EC-B3150554E29E}.Release|x86.ActiveCfg = Release|Any CPU
		{BE692D44-0BF2-4B75-96EC-B3150554E29E}.Release|x86.Build.0 = Release|Any CPU
		{305C6387-9C81-4B84-BF3E-81BD85041D4F}.Debug|Any CPU.ActiveCfg = Debug|Any CPU
		{305C6387-9C81-4B84-BF3E-81BD85041D4F}.Debug|Any CPU.Build.0 = Debug|Any CPU
		{305C6387-9C81-4B84-BF3E-81BD85041D4F}.Debug|x64.ActiveCfg = Debug|Any CPU
		{305C6387-9C81-4B84-BF3E-81BD85041D4F}.Debug|x64.Build.0 = Debug|Any CPU
		{305C6387-9C81-4B84-BF3E-81BD85041D4F}.Debug|x86.ActiveCfg = Debug|Any CPU
		{305C6387-9C81-4B84-BF3E-81BD85041D4F}.Debug|x86.Build.0 = Debug|Any CPU
		{305C6387-9C81-4B84-BF3E-81BD85041D4F}.Release|Any CPU.ActiveCfg = Release|Any CPU
		{305C6387-9C81-4B84-BF3E-81BD85041D4F}.Release|Any CPU.Build.0 = Release|Any CPU
		{305C6387-9C81-4B84-BF3E-81BD85041D4F}.Release|x64.ActiveCfg = Release|Any CPU
		{305C6387-9C81-4B84-BF3E-81BD85041D4F}.Release|x64.Build.0 = Release|Any CPU
		{305C6387-9C81-4B84-BF3E-81BD85041D4F}.Release|x86.ActiveCfg = Release|Any CPU
		{305C6387-9C81-4B84-BF3E-81BD85041D4F}.Release|x86.Build.0 = Release|Any CPU
		{D12F9788-58BD-4E3A-88BC-B3BD069A1104}.Debug|Any CPU.ActiveCfg = Debug|Any CPU
		{D12F9788-58BD-4E3A-88BC-B3BD069A1104}.Debug|Any CPU.Build.0 = Debug|Any CPU
		{D12F9788-58BD-4E3A-88BC-B3BD069A1104}.Debug|x64.ActiveCfg = Debug|Any CPU
		{D12F9788-58BD-4E3A-88BC-B3BD069A1104}.Debug|x64.Build.0 = Debug|Any CPU
		{D12F9788-58BD-4E3A-88BC-B3BD069A1104}.Debug|x86.ActiveCfg = Debug|Any CPU
		{D12F9788-58BD-4E3A-88BC-B3BD069A1104}.Debug|x86.Build.0 = Debug|Any CPU
		{D12F9788-58BD-4E3A-88BC-B3BD069A1104}.Release|Any CPU.ActiveCfg = Release|Any CPU
		{D12F9788-58BD-4E3A-88BC-B3BD069A1104}.Release|Any CPU.Build.0 = Release|Any CPU
		{D12F9788-58BD-4E3A-88BC-B3BD069A1104}.Release|x64.ActiveCfg = Release|Any CPU
		{D12F9788-58BD-4E3A-88BC-B3BD069A1104}.Release|x64.Build.0 = Release|Any CPU
		{D12F9788-58BD-4E3A-88BC-B3BD069A1104}.Release|x86.ActiveCfg = Release|Any CPU
		{D12F9788-58BD-4E3A-88BC-B3BD069A1104}.Release|x86.Build.0 = Release|Any CPU
		{6BDD200C-CCA3-453F-8640-428BFFC7E02B}.Debug|Any CPU.ActiveCfg = Debug|Any CPU
		{6BDD200C-CCA3-453F-8640-428BFFC7E02B}.Debug|Any CPU.Build.0 = Debug|Any CPU
		{6BDD200C-CCA3-453F-8640-428BFFC7E02B}.Debug|x64.ActiveCfg = Debug|Any CPU
		{6BDD200C-CCA3-453F-8640-428BFFC7E02B}.Debug|x64.Build.0 = Debug|Any CPU
		{6BDD200C-CCA3-453F-8640-428BFFC7E02B}.Debug|x86.ActiveCfg = Debug|Any CPU
		{6BDD200C-CCA3-453F-8640-428BFFC7E02B}.Debug|x86.Build.0 = Debug|Any CPU
		{6BDD200C-CCA3-453F-8640-428BFFC7E02B}.Release|Any CPU.ActiveCfg = Release|Any CPU
		{6BDD200C-CCA3-453F-8640-428BFFC7E02B}.Release|Any CPU.Build.0 = Release|Any CPU
		{6BDD200C-CCA3-453F-8640-428BFFC7E02B}.Release|x64.ActiveCfg = Release|Any CPU
		{6BDD200C-CCA3-453F-8640-428BFFC7E02B}.Release|x64.Build.0 = Release|Any CPU
		{6BDD200C-CCA3-453F-8640-428BFFC7E02B}.Release|x86.ActiveCfg = Release|Any CPU
		{6BDD200C-CCA3-453F-8640-428BFFC7E02B}.Release|x86.Build.0 = Release|Any CPU
		{3072437C-82F8-4DAB-9974-EDE51F1131D7}.Debug|Any CPU.ActiveCfg = Debug|Any CPU
		{3072437C-82F8-4DAB-9974-EDE51F1131D7}.Debug|Any CPU.Build.0 = Debug|Any CPU
		{3072437C-82F8-4DAB-9974-EDE51F1131D7}.Debug|x64.ActiveCfg = Debug|Any CPU
		{3072437C-82F8-4DAB-9974-EDE51F1131D7}.Debug|x64.Build.0 = Debug|Any CPU
		{3072437C-82F8-4DAB-9974-EDE51F1131D7}.Debug|x86.ActiveCfg = Debug|Any CPU
		{3072437C-82F8-4DAB-9974-EDE51F1131D7}.Debug|x86.Build.0 = Debug|Any CPU
		{3072437C-82F8-4DAB-9974-EDE51F1131D7}.Release|Any CPU.ActiveCfg = Release|Any CPU
		{3072437C-82F8-4DAB-9974-EDE51F1131D7}.Release|Any CPU.Build.0 = Release|Any CPU
		{3072437C-82F8-4DAB-9974-EDE51F1131D7}.Release|x64.ActiveCfg = Release|Any CPU
		{3072437C-82F8-4DAB-9974-EDE51F1131D7}.Release|x64.Build.0 = Release|Any CPU
		{3072437C-82F8-4DAB-9974-EDE51F1131D7}.Release|x86.ActiveCfg = Release|Any CPU
		{3072437C-82F8-4DAB-9974-EDE51F1131D7}.Release|x86.Build.0 = Release|Any CPU
		{7AEFFDE5-8A92-4D37-8D00-6BD41E8CA816}.Debug|Any CPU.ActiveCfg = Debug|Any CPU
		{7AEFFDE5-8A92-4D37-8D00-6BD41E8CA816}.Debug|Any CPU.Build.0 = Debug|Any CPU
		{7AEFFDE5-8A92-4D37-8D00-6BD41E8CA816}.Debug|x64.ActiveCfg = Debug|Any CPU
		{7AEFFDE5-8A92-4D37-8D00-6BD41E8CA816}.Debug|x64.Build.0 = Debug|Any CPU
		{7AEFFDE5-8A92-4D37-8D00-6BD41E8CA816}.Debug|x86.ActiveCfg = Debug|Any CPU
		{7AEFFDE5-8A92-4D37-8D00-6BD41E8CA816}.Debug|x86.Build.0 = Debug|Any CPU
		{7AEFFDE5-8A92-4D37-8D00-6BD41E8CA816}.Release|Any CPU.ActiveCfg = Release|Any CPU
		{7AEFFDE5-8A92-4D37-8D00-6BD41E8CA816}.Release|Any CPU.Build.0 = Release|Any CPU
		{7AEFFDE5-8A92-4D37-8D00-6BD41E8CA816}.Release|x64.ActiveCfg = Release|Any CPU
		{7AEFFDE5-8A92-4D37-8D00-6BD41E8CA816}.Release|x64.Build.0 = Release|Any CPU
		{7AEFFDE5-8A92-4D37-8D00-6BD41E8CA816}.Release|x86.ActiveCfg = Release|Any CPU
		{7AEFFDE5-8A92-4D37-8D00-6BD41E8CA816}.Release|x86.Build.0 = Release|Any CPU
		{AA3DB3B3-516F-40FE-A8D5-1EFBA0613A4C}.Debug|Any CPU.ActiveCfg = Debug|Any CPU
		{AA3DB3B3-516F-40FE-A8D5-1EFBA0613A4C}.Debug|Any CPU.Build.0 = Debug|Any CPU
		{AA3DB3B3-516F-40FE-A8D5-1EFBA0613A4C}.Debug|x64.ActiveCfg = Debug|Any CPU
		{AA3DB3B3-516F-40FE-A8D5-1EFBA0613A4C}.Debug|x64.Build.0 = Debug|Any CPU
		{AA3DB3B3-516F-40FE-A8D5-1EFBA0613A4C}.Debug|x86.ActiveCfg = Debug|Any CPU
		{AA3DB3B3-516F-40FE-A8D5-1EFBA0613A4C}.Debug|x86.Build.0 = Debug|Any CPU
		{AA3DB3B3-516F-40FE-A8D5-1EFBA0613A4C}.Release|Any CPU.ActiveCfg = Release|Any CPU
		{AA3DB3B3-516F-40FE-A8D5-1EFBA0613A4C}.Release|Any CPU.Build.0 = Release|Any CPU
		{AA3DB3B3-516F-40FE-A8D5-1EFBA0613A4C}.Release|x64.ActiveCfg = Release|Any CPU
		{AA3DB3B3-516F-40FE-A8D5-1EFBA0613A4C}.Release|x64.Build.0 = Release|Any CPU
		{AA3DB3B3-516F-40FE-A8D5-1EFBA0613A4C}.Release|x86.ActiveCfg = Release|Any CPU
		{AA3DB3B3-516F-40FE-A8D5-1EFBA0613A4C}.Release|x86.Build.0 = Release|Any CPU
		{8F0BB8FC-77F6-4863-B8D7-E858460731E3}.Debug|Any CPU.ActiveCfg = Debug|Any CPU
		{8F0BB8FC-77F6-4863-B8D7-E858460731E3}.Debug|Any CPU.Build.0 = Debug|Any CPU
		{8F0BB8FC-77F6-4863-B8D7-E858460731E3}.Debug|x64.ActiveCfg = Debug|Any CPU
		{8F0BB8FC-77F6-4863-B8D7-E858460731E3}.Debug|x64.Build.0 = Debug|Any CPU
		{8F0BB8FC-77F6-4863-B8D7-E858460731E3}.Debug|x86.ActiveCfg = Debug|Any CPU
		{8F0BB8FC-77F6-4863-B8D7-E858460731E3}.Debug|x86.Build.0 = Debug|Any CPU
		{8F0BB8FC-77F6-4863-B8D7-E858460731E3}.Release|Any CPU.ActiveCfg = Release|Any CPU
		{8F0BB8FC-77F6-4863-B8D7-E858460731E3}.Release|Any CPU.Build.0 = Release|Any CPU
		{8F0BB8FC-77F6-4863-B8D7-E858460731E3}.Release|x64.ActiveCfg = Release|Any CPU
		{8F0BB8FC-77F6-4863-B8D7-E858460731E3}.Release|x64.Build.0 = Release|Any CPU
		{8F0BB8FC-77F6-4863-B8D7-E858460731E3}.Release|x86.ActiveCfg = Release|Any CPU
		{8F0BB8FC-77F6-4863-B8D7-E858460731E3}.Release|x86.Build.0 = Release|Any CPU
		{2BCFCD6F-F8BA-4D2E-B97B-D9BF810C0970}.Debug|Any CPU.ActiveCfg = Debug|Any CPU
		{2BCFCD6F-F8BA-4D2E-B97B-D9BF810C0970}.Debug|Any CPU.Build.0 = Debug|Any CPU
		{2BCFCD6F-F8BA-4D2E-B97B-D9BF810C0970}.Debug|x64.ActiveCfg = Debug|Any CPU
		{2BCFCD6F-F8BA-4D2E-B97B-D9BF810C0970}.Debug|x64.Build.0 = Debug|Any CPU
		{2BCFCD6F-F8BA-4D2E-B97B-D9BF810C0970}.Debug|x86.ActiveCfg = Debug|Any CPU
		{2BCFCD6F-F8BA-4D2E-B97B-D9BF810C0970}.Debug|x86.Build.0 = Debug|Any CPU
		{2BCFCD6F-F8BA-4D2E-B97B-D9BF810C0970}.Release|Any CPU.ActiveCfg = Release|Any CPU
		{2BCFCD6F-F8BA-4D2E-B97B-D9BF810C0970}.Release|Any CPU.Build.0 = Release|Any CPU
		{2BCFCD6F-F8BA-4D2E-B97B-D9BF810C0970}.Release|x64.ActiveCfg = Release|Any CPU
		{2BCFCD6F-F8BA-4D2E-B97B-D9BF810C0970}.Release|x64.Build.0 = Release|Any CPU
		{2BCFCD6F-F8BA-4D2E-B97B-D9BF810C0970}.Release|x86.ActiveCfg = Release|Any CPU
		{2BCFCD6F-F8BA-4D2E-B97B-D9BF810C0970}.Release|x86.Build.0 = Release|Any CPU
		{073E2430-FA81-4091-B48E-2D67A0C2CA5A}.Debug|Any CPU.ActiveCfg = Debug|Any CPU
		{073E2430-FA81-4091-B48E-2D67A0C2CA5A}.Debug|Any CPU.Build.0 = Debug|Any CPU
		{073E2430-FA81-4091-B48E-2D67A0C2CA5A}.Debug|x64.ActiveCfg = Debug|Any CPU
		{073E2430-FA81-4091-B48E-2D67A0C2CA5A}.Debug|x64.Build.0 = Debug|Any CPU
		{073E2430-FA81-4091-B48E-2D67A0C2CA5A}.Debug|x86.ActiveCfg = Debug|Any CPU
		{073E2430-FA81-4091-B48E-2D67A0C2CA5A}.Debug|x86.Build.0 = Debug|Any CPU
		{073E2430-FA81-4091-B48E-2D67A0C2CA5A}.Release|Any CPU.ActiveCfg = Release|Any CPU
		{073E2430-FA81-4091-B48E-2D67A0C2CA5A}.Release|Any CPU.Build.0 = Release|Any CPU
		{073E2430-FA81-4091-B48E-2D67A0C2CA5A}.Release|x64.ActiveCfg = Release|Any CPU
		{073E2430-FA81-4091-B48E-2D67A0C2CA5A}.Release|x64.Build.0 = Release|Any CPU
		{073E2430-FA81-4091-B48E-2D67A0C2CA5A}.Release|x86.ActiveCfg = Release|Any CPU
		{073E2430-FA81-4091-B48E-2D67A0C2CA5A}.Release|x86.Build.0 = Release|Any CPU
		{47805274-D18A-4E56-A632-6C85A169D401}.Debug|Any CPU.ActiveCfg = Debug|Any CPU
		{47805274-D18A-4E56-A632-6C85A169D401}.Debug|Any CPU.Build.0 = Debug|Any CPU
		{47805274-D18A-4E56-A632-6C85A169D401}.Debug|x64.ActiveCfg = Debug|Any CPU
		{47805274-D18A-4E56-A632-6C85A169D401}.Debug|x64.Build.0 = Debug|Any CPU
		{47805274-D18A-4E56-A632-6C85A169D401}.Debug|x86.ActiveCfg = Debug|Any CPU
		{47805274-D18A-4E56-A632-6C85A169D401}.Debug|x86.Build.0 = Debug|Any CPU
		{47805274-D18A-4E56-A632-6C85A169D401}.Release|Any CPU.ActiveCfg = Release|Any CPU
		{47805274-D18A-4E56-A632-6C85A169D401}.Release|Any CPU.Build.0 = Release|Any CPU
		{47805274-D18A-4E56-A632-6C85A169D401}.Release|x64.ActiveCfg = Release|Any CPU
		{47805274-D18A-4E56-A632-6C85A169D401}.Release|x64.Build.0 = Release|Any CPU
		{47805274-D18A-4E56-A632-6C85A169D401}.Release|x86.ActiveCfg = Release|Any CPU
		{47805274-D18A-4E56-A632-6C85A169D401}.Release|x86.Build.0 = Release|Any CPU
		{76F4011D-64CB-4F84-B317-F8A32FF481CB}.Debug|Any CPU.ActiveCfg = Debug|Any CPU
		{76F4011D-64CB-4F84-B317-F8A32FF481CB}.Debug|Any CPU.Build.0 = Debug|Any CPU
		{76F4011D-64CB-4F84-B317-F8A32FF481CB}.Debug|x64.ActiveCfg = Debug|Any CPU
		{76F4011D-64CB-4F84-B317-F8A32FF481CB}.Debug|x64.Build.0 = Debug|Any CPU
		{76F4011D-64CB-4F84-B317-F8A32FF481CB}.Debug|x86.ActiveCfg = Debug|Any CPU
		{76F4011D-64CB-4F84-B317-F8A32FF481CB}.Debug|x86.Build.0 = Debug|Any CPU
		{76F4011D-64CB-4F84-B317-F8A32FF481CB}.Release|Any CPU.ActiveCfg = Release|Any CPU
		{76F4011D-64CB-4F84-B317-F8A32FF481CB}.Release|Any CPU.Build.0 = Release|Any CPU
		{76F4011D-64CB-4F84-B317-F8A32FF481CB}.Release|x64.ActiveCfg = Release|Any CPU
		{76F4011D-64CB-4F84-B317-F8A32FF481CB}.Release|x64.Build.0 = Release|Any CPU
		{76F4011D-64CB-4F84-B317-F8A32FF481CB}.Release|x86.ActiveCfg = Release|Any CPU
		{76F4011D-64CB-4F84-B317-F8A32FF481CB}.Release|x86.Build.0 = Release|Any CPU
		{49CB0BEE-D348-443B-9778-98BA8623062B}.Debug|Any CPU.ActiveCfg = Debug|Any CPU
		{49CB0BEE-D348-443B-9778-98BA8623062B}.Debug|Any CPU.Build.0 = Debug|Any CPU
		{49CB0BEE-D348-443B-9778-98BA8623062B}.Debug|x64.ActiveCfg = Debug|Any CPU
		{49CB0BEE-D348-443B-9778-98BA8623062B}.Debug|x64.Build.0 = Debug|Any CPU
		{49CB0BEE-D348-443B-9778-98BA8623062B}.Debug|x86.ActiveCfg = Debug|Any CPU
		{49CB0BEE-D348-443B-9778-98BA8623062B}.Debug|x86.Build.0 = Debug|Any CPU
		{49CB0BEE-D348-443B-9778-98BA8623062B}.Release|Any CPU.ActiveCfg = Release|Any CPU
		{49CB0BEE-D348-443B-9778-98BA8623062B}.Release|Any CPU.Build.0 = Release|Any CPU
		{49CB0BEE-D348-443B-9778-98BA8623062B}.Release|x64.ActiveCfg = Release|Any CPU
		{49CB0BEE-D348-443B-9778-98BA8623062B}.Release|x64.Build.0 = Release|Any CPU
		{49CB0BEE-D348-443B-9778-98BA8623062B}.Release|x86.ActiveCfg = Release|Any CPU
		{49CB0BEE-D348-443B-9778-98BA8623062B}.Release|x86.Build.0 = Release|Any CPU
		{2C873F0D-9B79-438E-9067-FB93F1C4C7E5}.Debug|Any CPU.ActiveCfg = Debug|Any CPU
		{2C873F0D-9B79-438E-9067-FB93F1C4C7E5}.Debug|Any CPU.Build.0 = Debug|Any CPU
		{2C873F0D-9B79-438E-9067-FB93F1C4C7E5}.Debug|x64.ActiveCfg = Debug|Any CPU
		{2C873F0D-9B79-438E-9067-FB93F1C4C7E5}.Debug|x64.Build.0 = Debug|Any CPU
		{2C873F0D-9B79-438E-9067-FB93F1C4C7E5}.Debug|x86.ActiveCfg = Debug|Any CPU
		{2C873F0D-9B79-438E-9067-FB93F1C4C7E5}.Debug|x86.Build.0 = Debug|Any CPU
		{2C873F0D-9B79-438E-9067-FB93F1C4C7E5}.Release|Any CPU.ActiveCfg = Release|Any CPU
		{2C873F0D-9B79-438E-9067-FB93F1C4C7E5}.Release|Any CPU.Build.0 = Release|Any CPU
		{2C873F0D-9B79-438E-9067-FB93F1C4C7E5}.Release|x64.ActiveCfg = Release|Any CPU
		{2C873F0D-9B79-438E-9067-FB93F1C4C7E5}.Release|x64.Build.0 = Release|Any CPU
		{2C873F0D-9B79-438E-9067-FB93F1C4C7E5}.Release|x86.ActiveCfg = Release|Any CPU
		{2C873F0D-9B79-438E-9067-FB93F1C4C7E5}.Release|x86.Build.0 = Release|Any CPU
		{6987E903-64F9-43B8-9FAC-9A3F0830DCEA}.Debug|Any CPU.ActiveCfg = Debug|Any CPU
		{6987E903-64F9-43B8-9FAC-9A3F0830DCEA}.Debug|Any CPU.Build.0 = Debug|Any CPU
		{6987E903-64F9-43B8-9FAC-9A3F0830DCEA}.Debug|x64.ActiveCfg = Debug|Any CPU
		{6987E903-64F9-43B8-9FAC-9A3F0830DCEA}.Debug|x64.Build.0 = Debug|Any CPU
		{6987E903-64F9-43B8-9FAC-9A3F0830DCEA}.Debug|x86.ActiveCfg = Debug|Any CPU
		{6987E903-64F9-43B8-9FAC-9A3F0830DCEA}.Debug|x86.Build.0 = Debug|Any CPU
		{6987E903-64F9-43B8-9FAC-9A3F0830DCEA}.Release|Any CPU.ActiveCfg = Release|Any CPU
		{6987E903-64F9-43B8-9FAC-9A3F0830DCEA}.Release|Any CPU.Build.0 = Release|Any CPU
		{6987E903-64F9-43B8-9FAC-9A3F0830DCEA}.Release|x64.ActiveCfg = Release|Any CPU
		{6987E903-64F9-43B8-9FAC-9A3F0830DCEA}.Release|x64.Build.0 = Release|Any CPU
		{6987E903-64F9-43B8-9FAC-9A3F0830DCEA}.Release|x86.ActiveCfg = Release|Any CPU
		{6987E903-64F9-43B8-9FAC-9A3F0830DCEA}.Release|x86.Build.0 = Release|Any CPU
		{0C0C9E5A-8B3D-4FCF-8E7B-963958AB17A7}.Debug|Any CPU.ActiveCfg = Debug|Any CPU
		{0C0C9E5A-8B3D-4FCF-8E7B-963958AB17A7}.Debug|Any CPU.Build.0 = Debug|Any CPU
		{0C0C9E5A-8B3D-4FCF-8E7B-963958AB17A7}.Debug|x64.ActiveCfg = Debug|Any CPU
		{0C0C9E5A-8B3D-4FCF-8E7B-963958AB17A7}.Debug|x64.Build.0 = Debug|Any CPU
		{0C0C9E5A-8B3D-4FCF-8E7B-963958AB17A7}.Debug|x86.ActiveCfg = Debug|Any CPU
		{0C0C9E5A-8B3D-4FCF-8E7B-963958AB17A7}.Debug|x86.Build.0 = Debug|Any CPU
		{0C0C9E5A-8B3D-4FCF-8E7B-963958AB17A7}.Release|Any CPU.ActiveCfg = Release|Any CPU
		{0C0C9E5A-8B3D-4FCF-8E7B-963958AB17A7}.Release|Any CPU.Build.0 = Release|Any CPU
		{0C0C9E5A-8B3D-4FCF-8E7B-963958AB17A7}.Release|x64.ActiveCfg = Release|Any CPU
		{0C0C9E5A-8B3D-4FCF-8E7B-963958AB17A7}.Release|x64.Build.0 = Release|Any CPU
		{0C0C9E5A-8B3D-4FCF-8E7B-963958AB17A7}.Release|x86.ActiveCfg = Release|Any CPU
		{0C0C9E5A-8B3D-4FCF-8E7B-963958AB17A7}.Release|x86.Build.0 = Release|Any CPU
		{1271E7F1-77A9-4E19-B913-FE4721633B0D}.Debug|Any CPU.ActiveCfg = Debug|Any CPU
		{1271E7F1-77A9-4E19-B913-FE4721633B0D}.Debug|Any CPU.Build.0 = Debug|Any CPU
		{1271E7F1-77A9-4E19-B913-FE4721633B0D}.Debug|x64.ActiveCfg = Debug|Any CPU
		{1271E7F1-77A9-4E19-B913-FE4721633B0D}.Debug|x64.Build.0 = Debug|Any CPU
		{1271E7F1-77A9-4E19-B913-FE4721633B0D}.Debug|x86.ActiveCfg = Debug|Any CPU
		{1271E7F1-77A9-4E19-B913-FE4721633B0D}.Debug|x86.Build.0 = Debug|Any CPU
		{1271E7F1-77A9-4E19-B913-FE4721633B0D}.Release|Any CPU.ActiveCfg = Release|Any CPU
		{1271E7F1-77A9-4E19-B913-FE4721633B0D}.Release|Any CPU.Build.0 = Release|Any CPU
		{1271E7F1-77A9-4E19-B913-FE4721633B0D}.Release|x64.ActiveCfg = Release|Any CPU
		{1271E7F1-77A9-4E19-B913-FE4721633B0D}.Release|x64.Build.0 = Release|Any CPU
		{1271E7F1-77A9-4E19-B913-FE4721633B0D}.Release|x86.ActiveCfg = Release|Any CPU
		{1271E7F1-77A9-4E19-B913-FE4721633B0D}.Release|x86.Build.0 = Release|Any CPU
		{E1163E56-21E1-434C-8EB6-7AD9E1D6C058}.Debug|Any CPU.ActiveCfg = Debug|Any CPU
		{E1163E56-21E1-434C-8EB6-7AD9E1D6C058}.Debug|Any CPU.Build.0 = Debug|Any CPU
		{E1163E56-21E1-434C-8EB6-7AD9E1D6C058}.Debug|x64.ActiveCfg = Debug|Any CPU
		{E1163E56-21E1-434C-8EB6-7AD9E1D6C058}.Debug|x64.Build.0 = Debug|Any CPU
		{E1163E56-21E1-434C-8EB6-7AD9E1D6C058}.Debug|x86.ActiveCfg = Debug|Any CPU
		{E1163E56-21E1-434C-8EB6-7AD9E1D6C058}.Debug|x86.Build.0 = Debug|Any CPU
		{E1163E56-21E1-434C-8EB6-7AD9E1D6C058}.Release|Any CPU.ActiveCfg = Release|Any CPU
		{E1163E56-21E1-434C-8EB6-7AD9E1D6C058}.Release|Any CPU.Build.0 = Release|Any CPU
		{E1163E56-21E1-434C-8EB6-7AD9E1D6C058}.Release|x64.ActiveCfg = Release|Any CPU
		{E1163E56-21E1-434C-8EB6-7AD9E1D6C058}.Release|x64.Build.0 = Release|Any CPU
		{E1163E56-21E1-434C-8EB6-7AD9E1D6C058}.Release|x86.ActiveCfg = Release|Any CPU
		{E1163E56-21E1-434C-8EB6-7AD9E1D6C058}.Release|x86.Build.0 = Release|Any CPU
		{240FA9C0-EADD-4FBA-8DDE-429C20DE1304}.Debug|Any CPU.ActiveCfg = Debug|Any CPU
		{240FA9C0-EADD-4FBA-8DDE-429C20DE1304}.Debug|Any CPU.Build.0 = Debug|Any CPU
		{240FA9C0-EADD-4FBA-8DDE-429C20DE1304}.Debug|x64.ActiveCfg = Debug|Any CPU
		{240FA9C0-EADD-4FBA-8DDE-429C20DE1304}.Debug|x64.Build.0 = Debug|Any CPU
		{240FA9C0-EADD-4FBA-8DDE-429C20DE1304}.Debug|x86.ActiveCfg = Debug|Any CPU
		{240FA9C0-EADD-4FBA-8DDE-429C20DE1304}.Debug|x86.Build.0 = Debug|Any CPU
		{240FA9C0-EADD-4FBA-8DDE-429C20DE1304}.Release|Any CPU.ActiveCfg = Release|Any CPU
		{240FA9C0-EADD-4FBA-8DDE-429C20DE1304}.Release|Any CPU.Build.0 = Release|Any CPU
		{240FA9C0-EADD-4FBA-8DDE-429C20DE1304}.Release|x64.ActiveCfg = Release|Any CPU
		{240FA9C0-EADD-4FBA-8DDE-429C20DE1304}.Release|x64.Build.0 = Release|Any CPU
		{240FA9C0-EADD-4FBA-8DDE-429C20DE1304}.Release|x86.ActiveCfg = Release|Any CPU
		{240FA9C0-EADD-4FBA-8DDE-429C20DE1304}.Release|x86.Build.0 = Release|Any CPU
		{F3D9371F-6A16-4BB6-A151-0B1E8733C6BF}.Debug|Any CPU.ActiveCfg = Debug|Any CPU
		{F3D9371F-6A16-4BB6-A151-0B1E8733C6BF}.Debug|Any CPU.Build.0 = Debug|Any CPU
		{F3D9371F-6A16-4BB6-A151-0B1E8733C6BF}.Debug|x64.ActiveCfg = Debug|Any CPU
		{F3D9371F-6A16-4BB6-A151-0B1E8733C6BF}.Debug|x64.Build.0 = Debug|Any CPU
		{F3D9371F-6A16-4BB6-A151-0B1E8733C6BF}.Debug|x86.ActiveCfg = Debug|Any CPU
		{F3D9371F-6A16-4BB6-A151-0B1E8733C6BF}.Debug|x86.Build.0 = Debug|Any CPU
		{F3D9371F-6A16-4BB6-A151-0B1E8733C6BF}.Release|Any CPU.ActiveCfg = Release|Any CPU
		{F3D9371F-6A16-4BB6-A151-0B1E8733C6BF}.Release|Any CPU.Build.0 = Release|Any CPU
		{F3D9371F-6A16-4BB6-A151-0B1E8733C6BF}.Release|x64.ActiveCfg = Release|Any CPU
		{F3D9371F-6A16-4BB6-A151-0B1E8733C6BF}.Release|x64.Build.0 = Release|Any CPU
		{F3D9371F-6A16-4BB6-A151-0B1E8733C6BF}.Release|x86.ActiveCfg = Release|Any CPU
		{F3D9371F-6A16-4BB6-A151-0B1E8733C6BF}.Release|x86.Build.0 = Release|Any CPU
		{0CB57DA6-1BED-4F24-B9C0-EF84E7DD8AAA}.Debug|Any CPU.ActiveCfg = Debug|Any CPU
		{0CB57DA6-1BED-4F24-B9C0-EF84E7DD8AAA}.Debug|Any CPU.Build.0 = Debug|Any CPU
		{0CB57DA6-1BED-4F24-B9C0-EF84E7DD8AAA}.Debug|x64.ActiveCfg = Debug|Any CPU
		{0CB57DA6-1BED-4F24-B9C0-EF84E7DD8AAA}.Debug|x64.Build.0 = Debug|Any CPU
		{0CB57DA6-1BED-4F24-B9C0-EF84E7DD8AAA}.Debug|x86.ActiveCfg = Debug|Any CPU
		{0CB57DA6-1BED-4F24-B9C0-EF84E7DD8AAA}.Debug|x86.Build.0 = Debug|Any CPU
		{0CB57DA6-1BED-4F24-B9C0-EF84E7DD8AAA}.Release|Any CPU.ActiveCfg = Release|Any CPU
		{0CB57DA6-1BED-4F24-B9C0-EF84E7DD8AAA}.Release|Any CPU.Build.0 = Release|Any CPU
		{0CB57DA6-1BED-4F24-B9C0-EF84E7DD8AAA}.Release|x64.ActiveCfg = Release|Any CPU
		{0CB57DA6-1BED-4F24-B9C0-EF84E7DD8AAA}.Release|x64.Build.0 = Release|Any CPU
		{0CB57DA6-1BED-4F24-B9C0-EF84E7DD8AAA}.Release|x86.ActiveCfg = Release|Any CPU
		{0CB57DA6-1BED-4F24-B9C0-EF84E7DD8AAA}.Release|x86.Build.0 = Release|Any CPU
		{B1C2FF1F-2980-4BCE-8CDC-C1F6A42686E3}.Debug|Any CPU.ActiveCfg = Debug|Any CPU
		{B1C2FF1F-2980-4BCE-8CDC-C1F6A42686E3}.Debug|Any CPU.Build.0 = Debug|Any CPU
		{B1C2FF1F-2980-4BCE-8CDC-C1F6A42686E3}.Debug|x64.ActiveCfg = Debug|Any CPU
		{B1C2FF1F-2980-4BCE-8CDC-C1F6A42686E3}.Debug|x64.Build.0 = Debug|Any CPU
		{B1C2FF1F-2980-4BCE-8CDC-C1F6A42686E3}.Debug|x86.ActiveCfg = Debug|Any CPU
		{B1C2FF1F-2980-4BCE-8CDC-C1F6A42686E3}.Debug|x86.Build.0 = Debug|Any CPU
		{B1C2FF1F-2980-4BCE-8CDC-C1F6A42686E3}.Release|Any CPU.ActiveCfg = Release|Any CPU
		{B1C2FF1F-2980-4BCE-8CDC-C1F6A42686E3}.Release|Any CPU.Build.0 = Release|Any CPU
		{B1C2FF1F-2980-4BCE-8CDC-C1F6A42686E3}.Release|x64.ActiveCfg = Release|Any CPU
		{B1C2FF1F-2980-4BCE-8CDC-C1F6A42686E3}.Release|x64.Build.0 = Release|Any CPU
		{B1C2FF1F-2980-4BCE-8CDC-C1F6A42686E3}.Release|x86.ActiveCfg = Release|Any CPU
		{B1C2FF1F-2980-4BCE-8CDC-C1F6A42686E3}.Release|x86.Build.0 = Release|Any CPU
		{12C49DBD-95A5-4002-85B2-1346FBFCAD79}.Debug|Any CPU.ActiveCfg = Debug|Any CPU
		{12C49DBD-95A5-4002-85B2-1346FBFCAD79}.Debug|Any CPU.Build.0 = Debug|Any CPU
		{12C49DBD-95A5-4002-85B2-1346FBFCAD79}.Debug|x64.ActiveCfg = Debug|Any CPU
		{12C49DBD-95A5-4002-85B2-1346FBFCAD79}.Debug|x64.Build.0 = Debug|Any CPU
		{12C49DBD-95A5-4002-85B2-1346FBFCAD79}.Debug|x86.ActiveCfg = Debug|Any CPU
		{12C49DBD-95A5-4002-85B2-1346FBFCAD79}.Debug|x86.Build.0 = Debug|Any CPU
		{12C49DBD-95A5-4002-85B2-1346FBFCAD79}.Release|Any CPU.ActiveCfg = Release|Any CPU
		{12C49DBD-95A5-4002-85B2-1346FBFCAD79}.Release|Any CPU.Build.0 = Release|Any CPU
		{12C49DBD-95A5-4002-85B2-1346FBFCAD79}.Release|x64.ActiveCfg = Release|Any CPU
		{12C49DBD-95A5-4002-85B2-1346FBFCAD79}.Release|x64.Build.0 = Release|Any CPU
		{12C49DBD-95A5-4002-85B2-1346FBFCAD79}.Release|x86.ActiveCfg = Release|Any CPU
		{12C49DBD-95A5-4002-85B2-1346FBFCAD79}.Release|x86.Build.0 = Release|Any CPU
		{55237F94-206D-4815-9DAC-D8368015921E}.Debug|Any CPU.ActiveCfg = Debug|Any CPU
		{55237F94-206D-4815-9DAC-D8368015921E}.Debug|Any CPU.Build.0 = Debug|Any CPU
		{55237F94-206D-4815-9DAC-D8368015921E}.Debug|x64.ActiveCfg = Debug|Any CPU
		{55237F94-206D-4815-9DAC-D8368015921E}.Debug|x64.Build.0 = Debug|Any CPU
		{55237F94-206D-4815-9DAC-D8368015921E}.Debug|x86.ActiveCfg = Debug|Any CPU
		{55237F94-206D-4815-9DAC-D8368015921E}.Debug|x86.Build.0 = Debug|Any CPU
		{55237F94-206D-4815-9DAC-D8368015921E}.Release|Any CPU.ActiveCfg = Release|Any CPU
		{55237F94-206D-4815-9DAC-D8368015921E}.Release|Any CPU.Build.0 = Release|Any CPU
		{55237F94-206D-4815-9DAC-D8368015921E}.Release|x64.ActiveCfg = Release|Any CPU
		{55237F94-206D-4815-9DAC-D8368015921E}.Release|x64.Build.0 = Release|Any CPU
		{55237F94-206D-4815-9DAC-D8368015921E}.Release|x86.ActiveCfg = Release|Any CPU
		{55237F94-206D-4815-9DAC-D8368015921E}.Release|x86.Build.0 = Release|Any CPU
		{EABA7296-74CF-48DD-A720-664339C1C1E6}.Debug|Any CPU.ActiveCfg = Debug|Any CPU
		{EABA7296-74CF-48DD-A720-664339C1C1E6}.Debug|Any CPU.Build.0 = Debug|Any CPU
		{EABA7296-74CF-48DD-A720-664339C1C1E6}.Debug|x64.ActiveCfg = Debug|Any CPU
		{EABA7296-74CF-48DD-A720-664339C1C1E6}.Debug|x64.Build.0 = Debug|Any CPU
		{EABA7296-74CF-48DD-A720-664339C1C1E6}.Debug|x86.ActiveCfg = Debug|Any CPU
		{EABA7296-74CF-48DD-A720-664339C1C1E6}.Debug|x86.Build.0 = Debug|Any CPU
		{EABA7296-74CF-48DD-A720-664339C1C1E6}.Release|Any CPU.ActiveCfg = Release|Any CPU
		{EABA7296-74CF-48DD-A720-664339C1C1E6}.Release|Any CPU.Build.0 = Release|Any CPU
		{EABA7296-74CF-48DD-A720-664339C1C1E6}.Release|x64.ActiveCfg = Release|Any CPU
		{EABA7296-74CF-48DD-A720-664339C1C1E6}.Release|x64.Build.0 = Release|Any CPU
		{EABA7296-74CF-48DD-A720-664339C1C1E6}.Release|x86.ActiveCfg = Release|Any CPU
		{EABA7296-74CF-48DD-A720-664339C1C1E6}.Release|x86.Build.0 = Release|Any CPU
		{500CF4F7-5A00-4375-97CF-B796CB91A95F}.Debug|Any CPU.ActiveCfg = Debug|Any CPU
		{500CF4F7-5A00-4375-97CF-B796CB91A95F}.Debug|Any CPU.Build.0 = Debug|Any CPU
		{500CF4F7-5A00-4375-97CF-B796CB91A95F}.Debug|x64.ActiveCfg = Debug|Any CPU
		{500CF4F7-5A00-4375-97CF-B796CB91A95F}.Debug|x64.Build.0 = Debug|Any CPU
		{500CF4F7-5A00-4375-97CF-B796CB91A95F}.Debug|x86.ActiveCfg = Debug|Any CPU
		{500CF4F7-5A00-4375-97CF-B796CB91A95F}.Debug|x86.Build.0 = Debug|Any CPU
		{500CF4F7-5A00-4375-97CF-B796CB91A95F}.Release|Any CPU.ActiveCfg = Release|Any CPU
		{500CF4F7-5A00-4375-97CF-B796CB91A95F}.Release|Any CPU.Build.0 = Release|Any CPU
		{500CF4F7-5A00-4375-97CF-B796CB91A95F}.Release|x64.ActiveCfg = Release|Any CPU
		{500CF4F7-5A00-4375-97CF-B796CB91A95F}.Release|x64.Build.0 = Release|Any CPU
		{500CF4F7-5A00-4375-97CF-B796CB91A95F}.Release|x86.ActiveCfg = Release|Any CPU
		{500CF4F7-5A00-4375-97CF-B796CB91A95F}.Release|x86.Build.0 = Release|Any CPU
		{FFBE29CA-15BB-4759-B0C0-58B33E98F0F7}.Debug|Any CPU.ActiveCfg = Debug|Any CPU
		{FFBE29CA-15BB-4759-B0C0-58B33E98F0F7}.Debug|Any CPU.Build.0 = Debug|Any CPU
		{FFBE29CA-15BB-4759-B0C0-58B33E98F0F7}.Debug|x64.ActiveCfg = Debug|Any CPU
		{FFBE29CA-15BB-4759-B0C0-58B33E98F0F7}.Debug|x64.Build.0 = Debug|Any CPU
		{FFBE29CA-15BB-4759-B0C0-58B33E98F0F7}.Debug|x86.ActiveCfg = Debug|Any CPU
		{FFBE29CA-15BB-4759-B0C0-58B33E98F0F7}.Debug|x86.Build.0 = Debug|Any CPU
		{FFBE29CA-15BB-4759-B0C0-58B33E98F0F7}.Release|Any CPU.ActiveCfg = Release|Any CPU
		{FFBE29CA-15BB-4759-B0C0-58B33E98F0F7}.Release|Any CPU.Build.0 = Release|Any CPU
		{FFBE29CA-15BB-4759-B0C0-58B33E98F0F7}.Release|x64.ActiveCfg = Release|Any CPU
		{FFBE29CA-15BB-4759-B0C0-58B33E98F0F7}.Release|x64.Build.0 = Release|Any CPU
		{FFBE29CA-15BB-4759-B0C0-58B33E98F0F7}.Release|x86.ActiveCfg = Release|Any CPU
		{FFBE29CA-15BB-4759-B0C0-58B33E98F0F7}.Release|x86.Build.0 = Release|Any CPU
		{CA4BABD2-C6F1-4AF8-810C-C54DEB544FB6}.Debug|Any CPU.ActiveCfg = Debug|Any CPU
		{CA4BABD2-C6F1-4AF8-810C-C54DEB544FB6}.Debug|Any CPU.Build.0 = Debug|Any CPU
		{CA4BABD2-C6F1-4AF8-810C-C54DEB544FB6}.Debug|x64.ActiveCfg = Debug|Any CPU
		{CA4BABD2-C6F1-4AF8-810C-C54DEB544FB6}.Debug|x64.Build.0 = Debug|Any CPU
		{CA4BABD2-C6F1-4AF8-810C-C54DEB544FB6}.Debug|x86.ActiveCfg = Debug|Any CPU
		{CA4BABD2-C6F1-4AF8-810C-C54DEB544FB6}.Debug|x86.Build.0 = Debug|Any CPU
		{CA4BABD2-C6F1-4AF8-810C-C54DEB544FB6}.Release|Any CPU.ActiveCfg = Release|Any CPU
		{CA4BABD2-C6F1-4AF8-810C-C54DEB544FB6}.Release|Any CPU.Build.0 = Release|Any CPU
		{CA4BABD2-C6F1-4AF8-810C-C54DEB544FB6}.Release|x64.ActiveCfg = Release|Any CPU
		{CA4BABD2-C6F1-4AF8-810C-C54DEB544FB6}.Release|x64.Build.0 = Release|Any CPU
		{CA4BABD2-C6F1-4AF8-810C-C54DEB544FB6}.Release|x86.ActiveCfg = Release|Any CPU
		{CA4BABD2-C6F1-4AF8-810C-C54DEB544FB6}.Release|x86.Build.0 = Release|Any CPU
		{03DD1B7A-5052-45BF-8F17-2CC47B20ACF0}.Debug|Any CPU.ActiveCfg = Debug|Any CPU
		{03DD1B7A-5052-45BF-8F17-2CC47B20ACF0}.Debug|Any CPU.Build.0 = Debug|Any CPU
		{03DD1B7A-5052-45BF-8F17-2CC47B20ACF0}.Debug|x64.ActiveCfg = Debug|Any CPU
		{03DD1B7A-5052-45BF-8F17-2CC47B20ACF0}.Debug|x64.Build.0 = Debug|Any CPU
		{03DD1B7A-5052-45BF-8F17-2CC47B20ACF0}.Debug|x86.ActiveCfg = Debug|Any CPU
		{03DD1B7A-5052-45BF-8F17-2CC47B20ACF0}.Debug|x86.Build.0 = Debug|Any CPU
		{03DD1B7A-5052-45BF-8F17-2CC47B20ACF0}.Release|Any CPU.ActiveCfg = Release|Any CPU
		{03DD1B7A-5052-45BF-8F17-2CC47B20ACF0}.Release|Any CPU.Build.0 = Release|Any CPU
		{03DD1B7A-5052-45BF-8F17-2CC47B20ACF0}.Release|x64.ActiveCfg = Release|Any CPU
		{03DD1B7A-5052-45BF-8F17-2CC47B20ACF0}.Release|x64.Build.0 = Release|Any CPU
		{03DD1B7A-5052-45BF-8F17-2CC47B20ACF0}.Release|x86.ActiveCfg = Release|Any CPU
		{03DD1B7A-5052-45BF-8F17-2CC47B20ACF0}.Release|x86.Build.0 = Release|Any CPU
		{E1962403-60D2-4202-B684-90B0B051A185}.Debug|Any CPU.ActiveCfg = Debug|Any CPU
		{E1962403-60D2-4202-B684-90B0B051A185}.Debug|Any CPU.Build.0 = Debug|Any CPU
		{E1962403-60D2-4202-B684-90B0B051A185}.Debug|x64.ActiveCfg = Debug|Any CPU
		{E1962403-60D2-4202-B684-90B0B051A185}.Debug|x64.Build.0 = Debug|Any CPU
		{E1962403-60D2-4202-B684-90B0B051A185}.Debug|x86.ActiveCfg = Debug|Any CPU
		{E1962403-60D2-4202-B684-90B0B051A185}.Debug|x86.Build.0 = Debug|Any CPU
		{E1962403-60D2-4202-B684-90B0B051A185}.Release|Any CPU.ActiveCfg = Release|Any CPU
		{E1962403-60D2-4202-B684-90B0B051A185}.Release|Any CPU.Build.0 = Release|Any CPU
		{E1962403-60D2-4202-B684-90B0B051A185}.Release|x64.ActiveCfg = Release|Any CPU
		{E1962403-60D2-4202-B684-90B0B051A185}.Release|x64.Build.0 = Release|Any CPU
		{E1962403-60D2-4202-B684-90B0B051A185}.Release|x86.ActiveCfg = Release|Any CPU
		{E1962403-60D2-4202-B684-90B0B051A185}.Release|x86.Build.0 = Release|Any CPU
	EndGlobalSection
	GlobalSection(SolutionProperties) = preSolution
		HideSolutionNode = FALSE
	EndGlobalSection
	GlobalSection(NestedProjects) = preSolution
		{90298CBA-BD6F-3A0A-69D5-97CAD7B05E7E} = {827E0CD3-B72D-47B6-A68D-7590B98EB39B}
		{EEE07589-6258-4E8D-BD10-CA723FA06259} = {90298CBA-BD6F-3A0A-69D5-97CAD7B05E7E}
		{2E9AB3AB-7487-4F24-B72A-B5F39AE140A8} = {90298CBA-BD6F-3A0A-69D5-97CAD7B05E7E}
		{984BB9B3-3FA3-BE33-9484-CAC21695A33C} = {827E0CD3-B72D-47B6-A68D-7590B98EB39B}
		{40D82F4B-B633-3F95-724A-860306E6F4AA} = {984BB9B3-3FA3-BE33-9484-CAC21695A33C}
		{C4085508-51F2-4E12-8ADD-2C49BBAF0299} = {40D82F4B-B633-3F95-724A-860306E6F4AA}
		{1BFC9479-12BF-35C3-06B8-42D89D95092B} = {984BB9B3-3FA3-BE33-9484-CAC21695A33C}
		{44A44A31-A234-4256-A617-B64D1F0A34DF} = {1BFC9479-12BF-35C3-06B8-42D89D95092B}
		{BE692D44-0BF2-4B75-96EC-B3150554E29E} = {1BFC9479-12BF-35C3-06B8-42D89D95092B}
		{305C6387-9C81-4B84-BF3E-81BD85041D4F} = {1BFC9479-12BF-35C3-06B8-42D89D95092B}
		{D12F9788-58BD-4E3A-88BC-B3BD069A1104} = {1BFC9479-12BF-35C3-06B8-42D89D95092B}
		{DD427247-E896-1086-4984-D920017585DE} = {984BB9B3-3FA3-BE33-9484-CAC21695A33C}
		{6BDD200C-CCA3-453F-8640-428BFFC7E02B} = {DD427247-E896-1086-4984-D920017585DE}
		{3072437C-82F8-4DAB-9974-EDE51F1131D7} = {DD427247-E896-1086-4984-D920017585DE}
		{7AEFFDE5-8A92-4D37-8D00-6BD41E8CA816} = {DD427247-E896-1086-4984-D920017585DE}
		{AA3DB3B3-516F-40FE-A8D5-1EFBA0613A4C} = {DD427247-E896-1086-4984-D920017585DE}
		{D1EA7F8B-1464-5AE4-39E5-7C916237C84D} = {984BB9B3-3FA3-BE33-9484-CAC21695A33C}
		{8F0BB8FC-77F6-4863-B8D7-E858460731E3} = {D1EA7F8B-1464-5AE4-39E5-7C916237C84D}
		{2BCFCD6F-F8BA-4D2E-B97B-D9BF810C0970} = {D1EA7F8B-1464-5AE4-39E5-7C916237C84D}
		{073E2430-FA81-4091-B48E-2D67A0C2CA5A} = {D1EA7F8B-1464-5AE4-39E5-7C916237C84D}
		{47805274-D18A-4E56-A632-6C85A169D401} = {D1EA7F8B-1464-5AE4-39E5-7C916237C84D}
		{78675B88-04B8-6663-B774-F931383BD879} = {984BB9B3-3FA3-BE33-9484-CAC21695A33C}
		{76F4011D-64CB-4F84-B317-F8A32FF481CB} = {78675B88-04B8-6663-B774-F931383BD879}
		{49CB0BEE-D348-443B-9778-98BA8623062B} = {78675B88-04B8-6663-B774-F931383BD879}
		{2C873F0D-9B79-438E-9067-FB93F1C4C7E5} = {78675B88-04B8-6663-B774-F931383BD879}
		{6987E903-64F9-43B8-9FAC-9A3F0830DCEA} = {78675B88-04B8-6663-B774-F931383BD879}
		{BB77F832-879F-00F9-E108-00944EDB87D8} = {984BB9B3-3FA3-BE33-9484-CAC21695A33C}
		{0C0C9E5A-8B3D-4FCF-8E7B-963958AB17A7} = {BB77F832-879F-00F9-E108-00944EDB87D8}
		{1271E7F1-77A9-4E19-B913-FE4721633B0D} = {BB77F832-879F-00F9-E108-00944EDB87D8}
		{E1163E56-21E1-434C-8EB6-7AD9E1D6C058} = {BB77F832-879F-00F9-E108-00944EDB87D8}
		{240FA9C0-EADD-4FBA-8DDE-429C20DE1304} = {BB77F832-879F-00F9-E108-00944EDB87D8}
		{F3D9371F-6A16-4BB6-A151-0B1E8733C6BF} = {0AB3BF05-4346-4AA6-1389-037BE0695223}
		{0CB57DA6-1BED-4F24-B9C0-EF84E7DD8AAA} = {0AB3BF05-4346-4AA6-1389-037BE0695223}
		{B1C2FF1F-2980-4BCE-8CDC-C1F6A42686E3} = {0AB3BF05-4346-4AA6-1389-037BE0695223}
		{12C49DBD-95A5-4002-85B2-1346FBFCAD79} = {0AB3BF05-4346-4AA6-1389-037BE0695223}
		{55237F94-206D-4815-9DAC-D8368015921E} = {0AB3BF05-4346-4AA6-1389-037BE0695223}
		{EABA7296-74CF-48DD-A720-664339C1C1E6} = {0AB3BF05-4346-4AA6-1389-037BE0695223}
		{BB45B5A8-6B14-5255-64D0-EA6BEE8A90C1} = {827E0CD3-B72D-47B6-A68D-7590B98EB39B}
		{C29C672F-B976-50B6-DA52-9D61315F522D} = {BB45B5A8-6B14-5255-64D0-EA6BEE8A90C1}
		{500CF4F7-5A00-4375-97CF-B796CB91A95F} = {C29C672F-B976-50B6-DA52-9D61315F522D}
		{FFBE29CA-15BB-4759-B0C0-58B33E98F0F7} = {C29C672F-B976-50B6-DA52-9D61315F522D}
		{CA4BABD2-C6F1-4AF8-810C-C54DEB544FB6} = {C29C672F-B976-50B6-DA52-9D61315F522D}
		{03DD1B7A-5052-45BF-8F17-2CC47B20ACF0} = {C29C672F-B976-50B6-DA52-9D61315F522D}
		{E1962403-60D2-4202-B684-90B0B051A185} = {0AB3BF05-4346-4AA6-1389-037BE0695223}
	EndGlobalSection
EndGlobal
